
Microsoft Visual Studio Solution File, Format Version 12.00
# Visual Studio 14
VisualStudioVersion = 14.0.25420.1
MinimumVisualStudioVersion = 10.0.40219.1
Project("{FAE04EC0-301F-11D3-BF4B-00C04F79EFBC}") = "BIZ", "BIZ\BIZ.csproj", "{8988841C-7A5C-49E1-A61F-E14C446F9186}"
EndProject
Project("{FAE04EC0-301F-11D3-BF4B-00C04F79EFBC}") = "BLL", "BLL\BLL.csproj", "{4DDD7E9F-1CDF-4349-8533-6480C8722289}"
EndProject
Project("{FAE04EC0-301F-11D3-BF4B-00C04F79EFBC}") = "TestInmueble", "TestInmueble\TestInmueble.csproj", "{89577427-E991-4AF0-BA46-D4149EF75AD2}"
EndProject
Global
	GlobalSection(SolutionConfigurationPlatforms) = preSolution
		Debug|Any CPU = Debug|Any CPU
		Release|Any CPU = Release|Any CPU
	EndGlobalSection
	GlobalSection(ProjectConfigurationPlatforms) = postSolution
		{8988841C-7A5C-49E1-A61F-E14C446F9186}.Debug|Any CPU.ActiveCfg = Debug|Any CPU
		{8988841C-7A5C-49E1-A61F-E14C446F9186}.Debug|Any CPU.Build.0 = Debug|Any CPU
		{8988841C-7A5C-49E1-A61F-E14C446F9186}.Release|Any CPU.ActiveCfg = Release|Any CPU
		{8988841C-7A5C-49E1-A61F-E14C446F9186}.Release|Any CPU.Build.0 = Release|Any CPU
		{4DDD7E9F-1CDF-4349-8533-6480C8722289}.Debug|Any CPU.ActiveCfg = Debug|Any CPU
		{4DDD7E9F-1CDF-4349-8533-6480C8722289}.Debug|Any CPU.Build.0 = Debug|Any CPU
		{4DDD7E9F-1CDF-4349-8533-6480C8722289}.Release|Any CPU.ActiveCfg = Release|Any CPU
		{4DDD7E9F-1CDF-4349-8533-6480C8722289}.Release|Any CPU.Build.0 = Release|Any CPU
		{89577427-E991-4AF0-BA46-D4149EF75AD2}.Debug|Any CPU.ActiveCfg = Debug|Any CPU
		{89577427-E991-4AF0-BA46-D4149EF75AD2}.Debug|Any CPU.Build.0 = Debug|Any CPU
		{89577427-E991-4AF0-BA46-D4149EF75AD2}.Release|Any CPU.ActiveCfg = Release|Any CPU
		{89577427-E991-4AF0-BA46-D4149EF75AD2}.Release|Any CPU.Build.0 = Release|Any CPU
	EndGlobalSection
	GlobalSection(SolutionProperties) = preSolution
		HideSolutionNode = FALSE
	EndGlobalSection
EndGlobal
