
Microsoft Visual Studio Solution File, Format Version 12.00
# Visual Studio 15
VisualStudioVersion = 15.0.27703.2047
MinimumVisualStudioVersion = 10.0.40219.1
Project("{FAE04EC0-301F-11D3-BF4B-00C04F79EFBC}") = "Reflection", "Reflection\Reflection.csproj", "{7EECC2C4-4454-4F6B-AA51-9B63F5D034D7}"
EndProject
Project("{FAE04EC0-301F-11D3-BF4B-00C04F79EFBC}") = "Test_Reflection", "Reflection C#\Test_Reflection.csproj", "{495E68C4-DA93-4E6C-9B35-259898F4589A}"
EndProject
Global
	GlobalSection(SolutionConfigurationPlatforms) = preSolution
		Debug|Any CPU = Debug|Any CPU
		Debug|x86 = Debug|x86
		Release|Any CPU = Release|Any CPU
		Release|x86 = Release|x86
	EndGlobalSection
	GlobalSection(ProjectConfigurationPlatforms) = postSolution
		{7EECC2C4-4454-4F6B-AA51-9B63F5D034D7}.Debug|Any CPU.ActiveCfg = Debug|Any CPU
		{7EECC2C4-4454-4F6B-AA51-9B63F5D034D7}.Debug|Any CPU.Build.0 = Debug|Any CPU
		{7EECC2C4-4454-4F6B-AA51-9B63F5D034D7}.Debug|x86.ActiveCfg = Debug|Any CPU
		{7EECC2C4-4454-4F6B-AA51-9B63F5D034D7}.Debug|x86.Build.0 = Debug|Any CPU
		{7EECC2C4-4454-4F6B-AA51-9B63F5D034D7}.Release|Any CPU.ActiveCfg = Release|Any CPU
		{7EECC2C4-4454-4F6B-AA51-9B63F5D034D7}.Release|Any CPU.Build.0 = Release|Any CPU
		{7EECC2C4-4454-4F6B-AA51-9B63F5D034D7}.Release|x86.ActiveCfg = Release|Any CPU
		{7EECC2C4-4454-4F6B-AA51-9B63F5D034D7}.Release|x86.Build.0 = Release|Any CPU
		{495E68C4-DA93-4E6C-9B35-259898F4589A}.Debug|Any CPU.ActiveCfg = Debug|x86
		{495E68C4-DA93-4E6C-9B35-259898F4589A}.Debug|x86.ActiveCfg = Debug|x86
		{495E68C4-DA93-4E6C-9B35-259898F4589A}.Debug|x86.Build.0 = Debug|x86
		{495E68C4-DA93-4E6C-9B35-259898F4589A}.Release|Any CPU.ActiveCfg = Release|x86
		{495E68C4-DA93-4E6C-9B35-259898F4589A}.Release|x86.ActiveCfg = Release|x86
		{495E68C4-DA93-4E6C-9B35-259898F4589A}.Release|x86.Build.0 = Release|x86
	EndGlobalSection
	GlobalSection(SolutionProperties) = preSolution
		HideSolutionNode = FALSE
	EndGlobalSection
	GlobalSection(ExtensibilityGlobals) = postSolution
		SolutionGuid = {33AF3265-11D6-41F5-9A37-4EA0CCDCEFD2}
	EndGlobalSection
EndGlobal
